
Microsoft Visual Studio Solution File, Format Version 12.00
# Visual Studio Version 16
VisualStudioVersion = 16.0.31702.278
MinimumVisualStudioVersion = 10.0.40219.1
Project("{FAE04EC0-301F-11D3-BF4B-00C04F79EFBC}") = "WeeklyAss3Q3", "WeeklyAss3Q3\WeeklyAss3Q3.csproj", "{046EC51B-22EA-42DB-90E0-987209960991}"
EndProject
Global
	GlobalSection(SolutionConfigurationPlatforms) = preSolution
		Debug|Any CPU = Debug|Any CPU
		Release|Any CPU = Release|Any CPU
	EndGlobalSection
	GlobalSection(ProjectConfigurationPlatforms) = postSolution
		{046EC51B-22EA-42DB-90E0-987209960991}.Debug|Any CPU.ActiveCfg = Debug|Any CPU
		{046EC51B-22EA-42DB-90E0-987209960991}.Debug|Any CPU.Build.0 = Debug|Any CPU
		{046EC51B-22EA-42DB-90E0-987209960991}.Release|Any CPU.ActiveCfg = Release|Any CPU
		{046EC51B-22EA-42DB-90E0-987209960991}.Release|Any CPU.Build.0 = Release|Any CPU
	EndGlobalSection
	GlobalSection(SolutionProperties) = preSolution
		HideSolutionNode = FALSE
	EndGlobalSection
	GlobalSection(ExtensibilityGlobals) = postSolution
		SolutionGuid = {E7C10AB5-40BD-461F-A48C-C7D43540905E}
	EndGlobalSection
EndGlobal
